
Microsoft Visual Studio Solution File, Format Version 12.00
# Visual Studio Version 17
VisualStudioVersion = 17.8.34330.188
MinimumVisualStudioVersion = 10.0.40219.1
Project("{FAE04EC0-301F-11D3-BF4B-00C04F79EFBC}") = "Mission10_Naumann", "Mission10_Naumann.csproj", "{7A16411E-A293-4DA7-A9D3-8AE98D83F9F4}"
EndProject
Global
	GlobalSection(SolutionConfigurationPlatforms) = preSolution
		Debug|Any CPU = Debug|Any CPU
		Release|Any CPU = Release|Any CPU
	EndGlobalSection
	GlobalSection(ProjectConfigurationPlatforms) = postSolution
		{7A16411E-A293-4DA7-A9D3-8AE98D83F9F4}.Debug|Any CPU.ActiveCfg = Debug|Any CPU
		{7A16411E-A293-4DA7-A9D3-8AE98D83F9F4}.Debug|Any CPU.Build.0 = Debug|Any CPU
		{7A16411E-A293-4DA7-A9D3-8AE98D83F9F4}.Release|Any CPU.ActiveCfg = Release|Any CPU
		{7A16411E-A293-4DA7-A9D3-8AE98D83F9F4}.Release|Any CPU.Build.0 = Release|Any CPU
	EndGlobalSection
	GlobalSection(SolutionProperties) = preSolution
		HideSolutionNode = FALSE
	EndGlobalSection
	GlobalSection(ExtensibilityGlobals) = postSolution
		SolutionGuid = {B7C9E28A-B521-4AAC-A643-835C844FD7BC}
	EndGlobalSection
EndGlobal
